
Microsoft Visual Studio Solution File, Format Version 12.00
# Visual Studio 2013
VisualStudioVersion = 12.0.31101.0
MinimumVisualStudioVersion = 10.0.40219.1
Project("{FAE04EC0-301F-11D3-BF4B-00C04F79EFBC}") = "MusicServiceMetaApp.Web", "MusicServiceMetaApp.Web\MusicServiceMetaApp.Web.csproj", "{1ACDC261-FDDC-4757-AF5A-311F9E3547B7}"
EndProject
Project("{2150E333-8FDC-42A3-9474-1A3956D46DE8}") = "000 Solution Files", "000 Solution Files", "{D7D669ED-01BD-4CC6-9D4C-6545D1B21D07}"
	ProjectSection(SolutionItems) = preProject
		README.md = README.md
	EndProjectSection
EndProject
Project("{2150E333-8FDC-42A3-9474-1A3956D46DE8}") = "600 Integrations", "600 Integrations", "{9FB9EF4E-C2C7-454A-9EC8-79E17778E18B}"
EndProject
Project("{FAE04EC0-301F-11D3-BF4B-00C04F79EFBC}") = "Msma.Integrations.Spotify", "Msma.Integrations.Spotify\Msma.Integrations.Spotify.csproj", "{667E9EE8-6E90-49DB-AD7E-65A87B682E10}"
EndProject
Project("{FAE04EC0-301F-11D3-BF4B-00C04F79EFBC}") = "Msma.Integrations.Wimp", "Msma.Integrations.Wimp\Msma.Integrations.Wimp.csproj", "{4AF5AD08-0511-47B6-8F71-68DA01AD0683}"
EndProject
Project("{FAE04EC0-301F-11D3-BF4B-00C04F79EFBC}") = "Msma.Integrations.Common", "Msma.Integrations.Common\Msma.Integrations.Common.csproj", "{217A441D-9758-452A-8772-30DA9696DF78}"
EndProject
Project("{2150E333-8FDC-42A3-9474-1A3956D46DE8}") = "100 Domain", "100 Domain", "{8151543B-B633-4DC4-9AF9-90BD347AF323}"
EndProject
Project("{FAE04EC0-301F-11D3-BF4B-00C04F79EFBC}") = "Msma.Domain", "Msma.Domain\Msma.Domain.csproj", "{85688050-1B63-4CCF-A782-2D5A71F0F42B}"
EndProject
Project("{2150E333-8FDC-42A3-9474-1A3956D46DE8}") = "800 Presentation", "800 Presentation", "{69678BDD-352A-4842-A24B-B84752FA01BC}"
EndProject
Project("{FAE04EC0-301F-11D3-BF4B-00C04F79EFBC}") = "Msma.Integrations.LastFm", "Msma.Integrations.LastFm\Msma.Integrations.LastFm.csproj", "{F3D33329-387C-442F-A847-2FE9C55E2610}"
EndProject
Project("{FAE04EC0-301F-11D3-BF4B-00C04F79EFBC}") = "Msma.Orchestration", "Msma.Orchestration\Msma.Orchestration.csproj", "{DA5BD075-7AB7-4A60-8150-693B4A39EA65}"
EndProject
Project("{2150E333-8FDC-42A3-9474-1A3956D46DE8}") = "700 Orchestration", "700 Orchestration", "{FB1870B7-20EA-4BEC-8B9A-C5D3DF0B9076}"
EndProject
Project("{2150E333-8FDC-42A3-9474-1A3956D46DE8}") = "900 Unit Tests", "900 Unit Tests", "{90220917-97FB-4470-907F-61F42A2AE1C1}"
EndProject
Project("{2150E333-8FDC-42A3-9474-1A3956D46DE8}") = "910 Integration Tests", "910 Integration Tests", "{4F07B9DF-3EB1-4EE4-A03F-D5BD1F2C3ECF}"
EndProject
Project("{2150E333-8FDC-42A3-9474-1A3956D46DE8}") = "200 Persistance", "200 Persistance", "{6396288F-1E92-4F5C-A594-AEEE63F0E1A9}"
EndProject
Global
	GlobalSection(SolutionConfigurationPlatforms) = preSolution
		Debug|Any CPU = Debug|Any CPU
		Release|Any CPU = Release|Any CPU
	EndGlobalSection
	GlobalSection(ProjectConfigurationPlatforms) = postSolution
		{1ACDC261-FDDC-4757-AF5A-311F9E3547B7}.Debug|Any CPU.ActiveCfg = Debug|Any CPU
		{1ACDC261-FDDC-4757-AF5A-311F9E3547B7}.Debug|Any CPU.Build.0 = Debug|Any CPU
		{1ACDC261-FDDC-4757-AF5A-311F9E3547B7}.Release|Any CPU.ActiveCfg = Release|Any CPU
		{1ACDC261-FDDC-4757-AF5A-311F9E3547B7}.Release|Any CPU.Build.0 = Release|Any CPU
		{667E9EE8-6E90-49DB-AD7E-65A87B682E10}.Debug|Any CPU.ActiveCfg = Debug|Any CPU
		{667E9EE8-6E90-49DB-AD7E-65A87B682E10}.Debug|Any CPU.Build.0 = Debug|Any CPU
		{667E9EE8-6E90-49DB-AD7E-65A87B682E10}.Release|Any CPU.ActiveCfg = Release|Any CPU
		{667E9EE8-6E90-49DB-AD7E-65A87B682E10}.Release|Any CPU.Build.0 = Release|Any CPU
		{4AF5AD08-0511-47B6-8F71-68DA01AD0683}.Debug|Any CPU.ActiveCfg = Debug|Any CPU
		{4AF5AD08-0511-47B6-8F71-68DA01AD0683}.Debug|Any CPU.Build.0 = Debug|Any CPU
		{4AF5AD08-0511-47B6-8F71-68DA01AD0683}.Release|Any CPU.ActiveCfg = Release|Any CPU
		{4AF5AD08-0511-47B6-8F71-68DA01AD0683}.Release|Any CPU.Build.0 = Release|Any CPU
		{217A441D-9758-452A-8772-30DA9696DF78}.Debug|Any CPU.ActiveCfg = Debug|Any CPU
		{217A441D-9758-452A-8772-30DA9696DF78}.Debug|Any CPU.Build.0 = Debug|Any CPU
		{217A441D-9758-452A-8772-30DA9696DF78}.Release|Any CPU.ActiveCfg = Release|Any CPU
		{217A441D-9758-452A-8772-30DA9696DF78}.Release|Any CPU.Build.0 = Release|Any CPU
		{85688050-1B63-4CCF-A782-2D5A71F0F42B}.Debug|Any CPU.ActiveCfg = Debug|Any CPU
		{85688050-1B63-4CCF-A782-2D5A71F0F42B}.Debug|Any CPU.Build.0 = Debug|Any CPU
		{85688050-1B63-4CCF-A782-2D5A71F0F42B}.Release|Any CPU.ActiveCfg = Release|Any CPU
		{85688050-1B63-4CCF-A782-2D5A71F0F42B}.Release|Any CPU.Build.0 = Release|Any CPU
		{F3D33329-387C-442F-A847-2FE9C55E2610}.Debug|Any CPU.ActiveCfg = Debug|Any CPU
		{F3D33329-387C-442F-A847-2FE9C55E2610}.Debug|Any CPU.Build.0 = Debug|Any CPU
		{F3D33329-387C-442F-A847-2FE9C55E2610}.Release|Any CPU.ActiveCfg = Release|Any CPU
		{F3D33329-387C-442F-A847-2FE9C55E2610}.Release|Any CPU.Build.0 = Release|Any CPU
		{DA5BD075-7AB7-4A60-8150-693B4A39EA65}.Debug|Any CPU.ActiveCfg = Debug|Any CPU
		{DA5BD075-7AB7-4A60-8150-693B4A39EA65}.Debug|Any CPU.Build.0 = Debug|Any CPU
		{DA5BD075-7AB7-4A60-8150-693B4A39EA65}.Release|Any CPU.ActiveCfg = Release|Any CPU
		{DA5BD075-7AB7-4A60-8150-693B4A39EA65}.Release|Any CPU.Build.0 = Release|Any CPU
	EndGlobalSection
	GlobalSection(SolutionProperties) = preSolution
		HideSolutionNode = FALSE
	EndGlobalSection
	GlobalSection(NestedProjects) = preSolution
		{1ACDC261-FDDC-4757-AF5A-311F9E3547B7} = {69678BDD-352A-4842-A24B-B84752FA01BC}
		{667E9EE8-6E90-49DB-AD7E-65A87B682E10} = {9FB9EF4E-C2C7-454A-9EC8-79E17778E18B}
		{4AF5AD08-0511-47B6-8F71-68DA01AD0683} = {9FB9EF4E-C2C7-454A-9EC8-79E17778E18B}
		{217A441D-9758-452A-8772-30DA9696DF78} = {9FB9EF4E-C2C7-454A-9EC8-79E17778E18B}
		{85688050-1B63-4CCF-A782-2D5A71F0F42B} = {8151543B-B633-4DC4-9AF9-90BD347AF323}
		{F3D33329-387C-442F-A847-2FE9C55E2610} = {9FB9EF4E-C2C7-454A-9EC8-79E17778E18B}
		{DA5BD075-7AB7-4A60-8150-693B4A39EA65} = {FB1870B7-20EA-4BEC-8B9A-C5D3DF0B9076}
	EndGlobalSection
EndGlobal
